<Solution>
  <Configurations>
    <Platform Name="x64" />
  </Configurations>
  <Project Path="CraftEngine/CraftEngine.vcxproj" Id="eaad256e-246f-4e03-8d72-232b6413492a" />
  <Project Path="Game/Game.vcxproj" Id="d365b96e-ad2f-44ce-9c8d-b34df09233d0">
    <BuildDependency Project="CraftEngine/CraftEngine.vcxproj" />
  </Project>
  <Project Path="ShootingGame/ShootingGame.vcxproj" Id="3abce722-628f-4744-822b-8f0e771c0661" />
</Solution>
